# This file is automatically @generated by Cargo.
# It is not intended for manual editing.
version = 3

[[package]]
name = "add-two-numbers"
version = "0.1.0"

[[package]]
name = "alds1_10_a"
version = "0.1.0"

[[package]]
name = "alds1_10_b"
version = "0.1.0"

[[package]]
name = "alds1_10_c"
version = "0.1.0"

[[package]]
name = "alds1_11_b"
version = "0.1.0"

[[package]]
name = "alds1_11_c"
version = "0.1.0"

[[package]]
name = "alds1_13_a"
version = "0.1.0"

[[package]]
name = "alds1_5_a"
version = "0.1.0"

[[package]]
name = "aoj-1127"
version = "0.1.0"

[[package]]
name = "aoj-1149"
version = "0.1.0"

[[package]]
name = "aoj-1160"
version = "0.1.0"

[[package]]
name = "aoj-1166"
version = "0.1.0"

[[package]]
name = "aoj-1167"
version = "0.1.0"

[[package]]
name = "aoj-1193"
version = "0.1.0"

[[package]]
name = "aoj-1611"
version = "0.1.0"

[[package]]
name = "aoj-2013"
version = "0.1.0"

[[package]]
name = "aoj-2199"
version = "0.1.0"

[[package]]
name = "best-time-to-buy-and-sell-stock"
version = "0.1.0"

[[package]]
name = "best-time-to-buy-and-sell-stock-II"
version = "0.1.0"

[[package]]
name = "binary-tree-level-order-traversal"
version = "0.1.0"

[[package]]
name = "binary-tree-zigzag-level-order-traversal"
version = "0.1.0"

[[package]]
name = "bubblesort"
version = "0.1.0"

[[package]]
name = "capacity-to-ship-packages-within-d-days"
version = "0.1.0"

[[package]]
name = "coin-change"
version = "0.1.0"

[[package]]
name = "combination-sum"
version = "0.1.0"

[[package]]
name = "construct-binary-tree-from-preorder-and-inorder-traversal"
version = "0.1.0"

[[package]]
name = "convert-sorted-array-to-binary-search-tree"
version = "0.1.0"

[[package]]
name = "dpl_1_a"
version = "0.1.0"

[[package]]
name = "dpl_1_c"
version = "0.1.0"

[[package]]
name = "dpl_1_d"
version = "0.1.0"

[[package]]
name = "dpl_2_a"
version = "0.1.0"

[[package]]
name = "dsl_1_a"
version = "0.1.0"

[[package]]
name = "find-k-pairs-with-smallest-sums"
version = "0.1.0"

[[package]]
name = "find-minimum-in-rotated-sorted-array"
version = "0.1.0"

[[package]]
name = "first-unique-character-in-a-string"
version = "0.1.0"

[[package]]
name = "generate-parentheses"
version = "0.1.0"

[[package]]
name = "grl_1_a"
version = "0.1.0"

[[package]]
name = "grl_1_c"
version = "0.1.0"

[[package]]
name = "grl_2_a"
version = "0.1.0"

[[package]]
name = "group-anagrams"
version = "0.1.0"

[[package]]
name = "house-robber"
version = "0.1.0"

[[package]]
name = "house-robber-II"
version = "0.1.0"

[[package]]
name = "intersection-of-two-arrays"
version = "0.1.0"

[[package]]
name = "is-subsequence"
version = "0.1.0"

[[package]]
name = "itp1_10_a"
version = "0.1.0"

[[package]]
name = "itp1_10_b"
version = "0.1.0"

[[package]]
name = "itp1_10_c"
version = "0.1.0"

[[package]]
name = "itp1_10_d"
version = "0.1.0"

[[package]]
name = "itp1_1_a"
version = "0.1.0"

[[package]]
name = "itp1_1_b"
version = "0.1.0"

[[package]]
name = "itp1_1_c"
version = "0.1.0"

[[package]]
name = "itp1_1_d"
version = "0.1.0"

[[package]]
name = "itp1_2_a"
version = "0.1.0"

[[package]]
name = "itp1_2_b"
version = "0.1.0"

[[package]]
name = "itp1_2_c"
version = "0.1.0"

[[package]]
name = "itp1_2_d"
version = "0.1.0"

[[package]]
name = "itp1_3_a"
version = "0.1.0"

[[package]]
name = "itp1_3_b"
version = "0.1.0"

[[package]]
name = "itp1_3_c"
version = "0.1.0"

[[package]]
name = "itp1_3_d"
version = "0.1.0"

[[package]]
name = "itp1_4_a"
version = "0.1.0"

[[package]]
name = "itp1_4_b"
version = "0.1.0"

[[package]]
name = "itp1_4_c"
version = "0.1.0"

[[package]]
name = "itp1_4_d"
version = "0.1.0"

[[package]]
name = "itp1_5_a"
version = "0.1.0"

[[package]]
name = "itp1_5_b"
version = "0.1.0"

[[package]]
name = "itp1_5_c"
version = "0.1.0"

[[package]]
name = "itp1_5_d"
version = "0.1.0"

[[package]]
name = "itp1_6_a"
version = "0.1.0"

[[package]]
name = "itp1_6_b"
version = "0.1.0"

[[package]]
name = "itp1_6_c"
version = "0.1.0"

[[package]]
name = "itp1_6_d"
version = "0.1.0"

[[package]]
name = "itp1_7_a"
version = "0.1.0"

[[package]]
name = "itp1_7_b"
version = "0.1.0"

[[package]]
name = "itp1_7_c"
version = "0.1.0"

[[package]]
name = "itp1_7_d"
version = "0.1.0"

[[package]]
name = "itp1_8_a"
version = "0.1.0"

[[package]]
name = "itp1_8_b"
version = "0.1.0"

[[package]]
name = "itp1_8_c"
version = "0.1.0"

[[package]]
name = "itp1_8_d"
version = "0.1.0"

[[package]]
name = "itp1_9_a"
version = "0.1.0"

[[package]]
name = "itp1_9_b"
version = "0.1.0"

[[package]]
name = "itp1_9_c"
version = "0.1.0"

[[package]]
name = "itp1_9_d"
version = "0.1.0"

[[package]]
name = "k-th-symbol-in-grammar"
version = "0.1.0"

[[package]]
name = "knapsack"
version = "0.1.0"

[[package]]
name = "kth-largest-element-in-a-stream"
version = "0.1.0"

[[package]]
name = "longest-increasing-subsequence"
version = "0.1.0"

[[package]]
name = "longest-substring-without-repeating-characters"
version = "0.1.0"

[[package]]
name = "max-area-of-island"
version = "0.1.0"

[[package]]
name = "maximum-depth-of-binary-tree"
version = "0.1.0"

[[package]]
name = "maximum-subarray"
version = "0.1.0"

[[package]]
name = "merge-two-binary-trees"
version = "0.1.0"

[[package]]
name = "mergesort"
version = "0.1.0"

[[package]]
name = "minimum-depth-of-binary-tree"
version = "0.1.0"

[[package]]
name = "minimum-size-subarray-sum"
version = "0.1.0"

[[package]]
name = "move-zeroes"
version = "0.1.0"

[[package]]
name = "next-permutation"
version = "0.1.0"

[[package]]
name = "ntl_1_a"
version = "0.1.0"

[[package]]
name = "ntl_1_b"
version = "0.1.0"

[[package]]
name = "number-of-islands"
version = "0.1.0"

[[package]]
name = "path-sum"
version = "0.1.0"

[[package]]
name = "permutation"
version = "0.1.0"

[[package]]
name = "pow-x-n"
version = "0.1.0"

[[package]]
name = "remove-duplicates-from-sorted-list"
version = "0.1.0"

[[package]]
name = "remove-duplicates-from-sorted-list-II"
version = "0.1.0"

[[package]]
name = "reverse-linked-list"
version = "0.1.0"

[[package]]
name = "search-in-rotated-sorted-array"
version = "0.1.0"

[[package]]
name = "search-insert-position"
version = "0.1.0"

[[package]]
name = "string-to-integer"
version = "0.1.0"

[[package]]
name = "subarray-sum-equals-k"
version = "0.1.0"

[[package]]
name = "subsets"
version = "0.1.0"

[[package]]
name = "top-k-frequent-elements"
version = "0.1.0"

[[package]]
name = "topologicalsort"
version = "0.1.0"

[[package]]
name = "two-sum"
version = "0.1.0"

[[package]]
name = "unique-email-addresses"
version = "0.1.0"

[[package]]
name = "unique-paths"
version = "0.1.0"

[[package]]
name = "unique-paths-II"
version = "0.1.0"

[[package]]
name = "valid-parentheses"
version = "0.1.0"

[[package]]
name = "validate-binary-search-tree"
version = "0.1.0"

[[package]]
name = "word-break"
version = "0.1.0"

[[package]]
name = "word-ladder"
version = "0.1.0"

[[package]]
name = "zigzag-conversion"
version = "0.1.0"
