# This file is automatically @generated by Cargo.
# It is not intended for manual editing.
version = 3

[[package]]
name = "add-two-numbers"
version = "0.1.0"

[[package]]
name = "alds1_10_a"
version = "0.1.0"

[[package]]
name = "alds1_10_b"
version = "0.1.0"

[[package]]
name = "alds1_10_c"
version = "0.1.0"

[[package]]
name = "alds1_11_b"
version = "0.1.0"

[[package]]
name = "alds1_11_c"
version = "0.1.0"

[[package]]
name = "alds1_13_a"
version = "0.1.0"

[[package]]
name = "alds1_5_a"
version = "0.1.0"

[[package]]
name = "aoj-1127"
version = "0.1.0"

[[package]]
name = "aoj-1149"
version = "0.1.0"

[[package]]
name = "aoj-1160"
version = "0.1.0"

[[package]]
name = "aoj-1166"
version = "0.1.0"

[[package]]
name = "aoj-1167"
version = "0.1.0"

[[package]]
name = "aoj-1193"
version = "0.1.0"

[[package]]
name = "aoj-1611"
version = "0.1.0"

[[package]]
name = "aoj-2013"
version = "0.1.0"

[[package]]
name = "aoj-2199"
version = "0.1.0"

[[package]]
name = "best-time-to-buy-and-sell-stock"
version = "0.1.0"

[[package]]
name = "best-time-to-buy-and-sell-stock-II"
version = "0.1.0"

[[package]]
name = "binary-tree-inorder-traversal"
version = "0.1.0"

[[package]]
name = "binary-tree-level-order-traversal"
version = "0.1.0"

[[package]]
name = "binary-tree-postorder-traversal"
version = "0.1.0"

[[package]]
name = "binary-tree-preorder-traversal"
version = "0.1.0"

[[package]]
name = "binary-tree-zigzag-level-order-traversal"
version = "0.1.0"

[[package]]
name = "bincode"
version = "1.3.3"
source = "registry+https://github.com/rust-lang/crates.io-index"
checksum = "b1f45e9417d87227c7a56d22e471c6206462cba514c7590c09aff4cf6d1ddcad"
dependencies = [
 "serde",
]

[[package]]
name = "bubblesort"
version = "0.1.0"

[[package]]
name = "capacity-to-ship-packages-within-d-days"
version = "0.1.0"

[[package]]
name = "climbing-stairs"
version = "0.1.0"

[[package]]
name = "coin-change"
version = "0.1.0"

[[package]]
name = "combination-sum"
version = "0.1.0"

[[package]]
name = "construct-binary-tree-from-inorder-and-postorder-traversal"
version = "0.1.0"

[[package]]
name = "construct-binary-tree-from-preorder-and-inorder-traversal"
version = "0.1.0"

[[package]]
name = "convert-sorted-array-to-binary-search-tree"
version = "0.1.0"

[[package]]
name = "count-univalue-subtrees"
version = "0.1.0"

[[package]]
name = "design-linked-list"
version = "0.1.0"

[[package]]
name = "dpl_1_a"
version = "0.1.0"

[[package]]
name = "dpl_1_c"
version = "0.1.0"

[[package]]
name = "dpl_1_d"
version = "0.1.0"

[[package]]
name = "dpl_2_a"
version = "0.1.0"

[[package]]
name = "dsl_1_a"
version = "0.1.0"

[[package]]
name = "fibonacci-number"
version = "0.1.0"

[[package]]
name = "find-k-pairs-with-smallest-sums"
version = "0.1.0"

[[package]]
name = "find-minimum-in-rotated-sorted-array"
version = "0.1.0"

[[package]]
name = "first-unique-character-in-a-string"
version = "0.1.0"

[[package]]
name = "generate-parentheses"
version = "0.1.0"

[[package]]
name = "grl_1_a"
version = "0.1.0"

[[package]]
name = "grl_1_c"
version = "0.1.0"

[[package]]
name = "grl_2_a"
version = "0.1.0"

[[package]]
name = "group-anagrams"
version = "0.1.0"

[[package]]
name = "house-robber"
version = "0.1.0"

[[package]]
name = "house-robber-II"
version = "0.1.0"

[[package]]
name = "intersection-of-two-arrays"
version = "0.1.0"

[[package]]
name = "is-subsequence"
version = "0.1.0"

[[package]]
name = "itp1_10_a"
version = "0.1.0"

[[package]]
name = "itp1_10_b"
version = "0.1.0"

[[package]]
name = "itp1_10_c"
version = "0.1.0"

[[package]]
name = "itp1_10_d"
version = "0.1.0"

[[package]]
name = "itp1_1_a"
version = "0.1.0"

[[package]]
name = "itp1_1_b"
version = "0.1.0"

[[package]]
name = "itp1_1_c"
version = "0.1.0"

[[package]]
name = "itp1_1_d"
version = "0.1.0"

[[package]]
name = "itp1_2_a"
version = "0.1.0"

[[package]]
name = "itp1_2_b"
version = "0.1.0"

[[package]]
name = "itp1_2_c"
version = "0.1.0"

[[package]]
name = "itp1_2_d"
version = "0.1.0"

[[package]]
name = "itp1_3_a"
version = "0.1.0"

[[package]]
name = "itp1_3_b"
version = "0.1.0"

[[package]]
name = "itp1_3_c"
version = "0.1.0"

[[package]]
name = "itp1_3_d"
version = "0.1.0"

[[package]]
name = "itp1_4_a"
version = "0.1.0"

[[package]]
name = "itp1_4_b"
version = "0.1.0"

[[package]]
name = "itp1_4_c"
version = "0.1.0"

[[package]]
name = "itp1_4_d"
version = "0.1.0"

[[package]]
name = "itp1_5_a"
version = "0.1.0"

[[package]]
name = "itp1_5_b"
version = "0.1.0"

[[package]]
name = "itp1_5_c"
version = "0.1.0"

[[package]]
name = "itp1_5_d"
version = "0.1.0"

[[package]]
name = "itp1_6_a"
version = "0.1.0"

[[package]]
name = "itp1_6_b"
version = "0.1.0"

[[package]]
name = "itp1_6_c"
version = "0.1.0"

[[package]]
name = "itp1_6_d"
version = "0.1.0"

[[package]]
name = "itp1_7_a"
version = "0.1.0"

[[package]]
name = "itp1_7_b"
version = "0.1.0"

[[package]]
name = "itp1_7_c"
version = "0.1.0"

[[package]]
name = "itp1_7_d"
version = "0.1.0"

[[package]]
name = "itp1_8_a"
version = "0.1.0"

[[package]]
name = "itp1_8_b"
version = "0.1.0"

[[package]]
name = "itp1_8_c"
version = "0.1.0"

[[package]]
name = "itp1_8_d"
version = "0.1.0"

[[package]]
name = "itp1_9_a"
version = "0.1.0"

[[package]]
name = "itp1_9_b"
version = "0.1.0"

[[package]]
name = "itp1_9_c"
version = "0.1.0"

[[package]]
name = "itp1_9_d"
version = "0.1.0"

[[package]]
name = "k-th-symbol-in-grammar"
version = "0.1.0"

[[package]]
name = "knapsack"
version = "0.1.0"

[[package]]
name = "kth-largest-element-in-a-stream"
version = "0.1.0"

[[package]]
name = "longest-increasing-subsequence"
version = "0.1.0"

[[package]]
name = "longest-substring-without-repeating-characters"
version = "0.1.0"

[[package]]
name = "lowest-common-ancestor-of-a-binary-tree"
version = "0.1.0"

[[package]]
name = "max-area-of-island"
version = "0.1.0"

[[package]]
name = "maximum-depth-of-binary-tree"
version = "0.1.0"

[[package]]
name = "maximum-subarray"
version = "0.1.0"

[[package]]
name = "meeting-rooms"
version = "0.1.0"

[[package]]
name = "meeting-rooms-II"
version = "0.1.0"

[[package]]
name = "merge-two-binary-trees"
version = "0.1.0"

[[package]]
name = "merge-two-sorted-lists"
version = "0.1.0"

[[package]]
name = "mergesort"
version = "0.1.0"

[[package]]
name = "minimum-depth-of-binary-tree"
version = "0.1.0"

[[package]]
name = "minimum-size-subarray-sum"
version = "0.1.0"

[[package]]
name = "move-zeroes"
version = "0.1.0"

[[package]]
name = "next-permutation"
version = "0.1.0"

[[package]]
name = "ntl_1_a"
version = "0.1.0"

[[package]]
name = "ntl_1_b"
version = "0.1.0"

[[package]]
name = "number-of-connected-components-in-an-undirected-graph"
version = "0.1.0"

[[package]]
name = "number-of-islands"
version = "0.1.0"

[[package]]
name = "odd-even-linked-list"
version = "0.1.0"

[[package]]
name = "paint-fence"
version = "0.1.0"

[[package]]
name = "palindrome-linked-list"
version = "0.1.0"

[[package]]
name = "pascals-triangle-II"
version = "0.1.0"

[[package]]
name = "path-sum"
version = "0.1.0"

[[package]]
name = "permutation"
version = "0.1.0"

[[package]]
name = "pow-x-n"
version = "0.1.0"

[[package]]
name = "proc-macro2"
version = "1.0.43"
source = "registry+https://github.com/rust-lang/crates.io-index"
checksum = "0a2ca2c61bc9f3d74d2886294ab7b9853abd9c1ad903a3ac7815c58989bb7bab"
dependencies = [
 "unicode-ident",
]

[[package]]
name = "quote"
version = "1.0.21"
source = "registry+https://github.com/rust-lang/crates.io-index"
checksum = "bbe448f377a7d6961e30f5955f9b8d106c3f5e449d493ee1b125c1d43c2b5179"
dependencies = [
 "proc-macro2",
]

[[package]]
name = "remove-duplicates-from-sorted-list"
version = "0.1.0"

[[package]]
name = "remove-duplicates-from-sorted-list-II"
version = "0.1.0"

[[package]]
name = "remove-linked-list-elements"
version = "0.1.0"

[[package]]
name = "remove-nth-node-from-end-of-list"
version = "0.1.0"

[[package]]
name = "reverse-linked-list"
version = "0.1.0"

[[package]]
name = "reverse-string"
version = "0.1.0"

[[package]]
name = "rotate-list"
version = "0.1.0"

[[package]]
name = "search-in-a-binary-search-tree"
version = "0.1.0"

[[package]]
name = "search-in-rotated-sorted-array"
version = "0.1.0"

[[package]]
name = "search-insert-position"
version = "0.1.0"

[[package]]
name = "serde"
version = "1.0.144"
source = "registry+https://github.com/rust-lang/crates.io-index"
checksum = "0f747710de3dcd43b88c9168773254e809d8ddbdf9653b84e2554ab219f17860"
dependencies = [
 "serde_derive",
]

[[package]]
name = "serde_derive"
version = "1.0.144"
source = "registry+https://github.com/rust-lang/crates.io-index"
checksum = "94ed3a816fb1d101812f83e789f888322c34e291f894f19590dc310963e87a00"
dependencies = [
 "proc-macro2",
 "quote",
 "syn",
]

[[package]]
name = "serialize-and-deserialize-binary-tree"
version = "0.1.0"
dependencies = [
 "bincode",
 "serde",
]

[[package]]
name = "split-bst"
version = "0.1.0"

[[package]]
name = "string-to-integer"
version = "0.1.0"

[[package]]
name = "subarray-sum-equals-k"
version = "0.1.0"

[[package]]
name = "subsets"
version = "0.1.0"

[[package]]
name = "swap-nodes-in-pairs"
version = "0.1.0"

[[package]]
name = "symmetric-tree"
version = "0.1.0"

[[package]]
name = "syn"
version = "1.0.99"
source = "registry+https://github.com/rust-lang/crates.io-index"
checksum = "58dbef6ec655055e20b86b15a8cc6d439cca19b667537ac6a1369572d151ab13"
dependencies = [
 "proc-macro2",
 "quote",
 "unicode-ident",
]

[[package]]
name = "top-k-frequent-elements"
version = "0.1.0"

[[package]]
name = "topologicalsort"
version = "0.1.0"

[[package]]
name = "two-sum"
version = "0.1.0"

[[package]]
name = "unicode-ident"
version = "1.0.3"
source = "registry+https://github.com/rust-lang/crates.io-index"
checksum = "c4f5b37a154999a8f3f98cc23a628d850e154479cd94decf3414696e12e31aaf"

[[package]]
name = "unique-binary-search-trees-II"
version = "0.1.0"

[[package]]
name = "unique-email-addresses"
version = "0.1.0"

[[package]]
name = "unique-paths"
version = "0.1.0"

[[package]]
name = "unique-paths-II"
version = "0.1.0"

[[package]]
name = "valid-parentheses"
version = "0.1.0"

[[package]]
name = "validate-binary-search-tree"
version = "0.1.0"

[[package]]
name = "word-break"
version = "0.1.0"

[[package]]
name = "word-ladder"
version = "0.1.0"

[[package]]
name = "zigzag-conversion"
version = "0.1.0"
